{
  "version": 4,
  "terraform_version": "1.12.2",
  "serial": 25,
  "lineage": "26d3640b-dbd2-deb1-f96d-57475e519a41",
  "outputs": {
    "k8s_master_ip": {
      "value": "89.169.155.18",
      "type": "string"
    },
    "k8s_worker_ips": {
      "value": [
        "158.160.69.40",
        "158.160.140.74"
      ],
      "type": [
        "tuple",
        [
          "string",
          "string"
        ]
      ]
    }
  },
  "resources": [
    {
      "mode": "data",
      "type": "yandex_compute_image",
      "name": "ubuntu",
      "provider": "provider[\"registry.terraform.io/yandex-cloud/yandex\"]",
      "instances": [
        {
          "schema_version": 0,
          "attributes": {
            "created_at": "2025-12-22T11:27:36Z",
            "description": "Ubuntu 22.04 lts v20251219030609",
            "family": "ubuntu-2204-lts",
            "folder_id": "standard-images",
            "hardware_generation": [
              {
                "generation2_features": [],
                "legacy_features": [
                  {
                    "pci_topology": "PCI_TOPOLOGY_V2"
                  }
                ]
              }
            ],
            "id": "fd8ic6nn3quhnbjqn7ke",
            "image_id": "fd8ic6nn3quhnbjqn7ke",
            "kms_key_id": null,
            "labels": {
              "version": "20251219030609",
              "x-hopper-operation-id": "d9pvdkoq89nvhham7v66",
              "x-hopper-source-image-id": "fd80gbu7b6l0sgt599u2"
            },
            "min_disk_size": 8,
            "name": "ubuntu-22-04-lts-v20251222",
            "os_type": "linux",
            "pooled": true,
            "product_ids": [
              "f2e96668j5pmutq4uekv"
            ],
            "size": 2,
            "status": "ready"
          },
          "sensitive_attributes": [],
          "identity_schema_version": 0
        }
      ]
    },
    {
      "mode": "managed",
      "type": "yandex_vpc_network",
      "name": "diplom_vpc",
      "provider": "provider[\"registry.terraform.io/yandex-cloud/yandex\"]",
      "instances": [
        {
          "schema_version": 0,
          "attributes": {
            "created_at": "2025-12-25T10:19:49Z",
            "default_security_group_id": "enp9qmpd595qe0mud6vf",
            "description": "",
            "folder_id": "b1gejj2e6dcoooha7og1",
            "id": "enptjdagi1ehubmfrohs",
            "labels": {},
            "name": "diplom-vpc",
            "subnet_ids": [
              "e2lcrvp07lj1icl1oi4f",
              "e9bkvqhespdovslsvhu3",
              "fl80sqcp4qrnpc9n0mh5"
            ],
            "timeouts": null
          },
          "sensitive_attributes": [],
          "identity_schema_version": 0,
          "private": "eyJlMmJmYjczMC1lY2FhLTExZTYtOGY4OC0zNDM2M2JjN2M0YzAiOnsiY3JlYXRlIjo2MDAwMDAwMDAwMCwiZGVsZXRlIjo2MDAwMDAwMDAwMCwidXBkYXRlIjo2MDAwMDAwMDAwMH19"
        }
      ]
    },
    {
      "mode": "managed",
      "type": "yandex_vpc_subnet",
      "name": "subnet_a",
      "provider": "provider[\"registry.terraform.io/yandex-cloud/yandex\"]",
      "instances": [
        {
          "schema_version": 0,
          "attributes": {
            "created_at": "2025-12-25T10:19:51Z",
            "description": "",
            "dhcp_options": [],
            "folder_id": "b1gejj2e6dcoooha7og1",
            "id": "e9bkvqhespdovslsvhu3",
            "labels": {},
            "name": "diplom-subnet-a",
            "network_id": "enptjdagi1ehubmfrohs",
            "route_table_id": "",
            "timeouts": null,
            "v4_cidr_blocks": [
              "10.10.0.0/24"
            ],
            "v6_cidr_blocks": [],
            "zone": "ru-central1-a"
          },
          "sensitive_attributes": [],
          "identity_schema_version": 0,
          "private": "eyJlMmJmYjczMC1lY2FhLTExZTYtOGY4OC0zNDM2M2JjN2M0YzAiOnsiY3JlYXRlIjoxODAwMDAwMDAwMDAsImRlbGV0ZSI6MTgwMDAwMDAwMDAwLCJ1cGRhdGUiOjE4MDAwMDAwMDAwMH19",
          "dependencies": [
            "yandex_vpc_network.diplom_vpc"
          ]
        }
      ]
    },
    {
      "mode": "managed",
      "type": "yandex_vpc_subnet",
      "name": "subnet_b",
      "provider": "provider[\"registry.terraform.io/yandex-cloud/yandex\"]",
      "instances": [
        {
          "schema_version": 0,
          "attributes": {
            "created_at": "2025-12-25T10:19:50Z",
            "description": "",
            "dhcp_options": [],
            "folder_id": "b1gejj2e6dcoooha7og1",
            "id": "e2lcrvp07lj1icl1oi4f",
            "labels": {},
            "name": "diplom-subnet-b",
            "network_id": "enptjdagi1ehubmfrohs",
            "route_table_id": "",
            "timeouts": null,
            "v4_cidr_blocks": [
              "10.20.0.0/24"
            ],
            "v6_cidr_blocks": [],
            "zone": "ru-central1-b"
          },
          "sensitive_attributes": [],
          "identity_schema_version": 0,
          "private": "eyJlMmJmYjczMC1lY2FhLTExZTYtOGY4OC0zNDM2M2JjN2M0YzAiOnsiY3JlYXRlIjoxODAwMDAwMDAwMDAsImRlbGV0ZSI6MTgwMDAwMDAwMDAwLCJ1cGRhdGUiOjE4MDAwMDAwMDAwMH19",
          "dependencies": [
            "yandex_vpc_network.diplom_vpc"
          ]
        }
      ]
    },
    {
      "mode": "managed",
      "type": "yandex_vpc_subnet",
      "name": "subnet_c",
      "provider": "provider[\"registry.terraform.io/yandex-cloud/yandex\"]",
      "instances": [
        {
          "schema_version": 0,
          "attributes": {
            "created_at": "2025-12-25T10:19:50Z",
            "description": "",
            "dhcp_options": [],
            "folder_id": "b1gejj2e6dcoooha7og1",
            "id": "fl80sqcp4qrnpc9n0mh5",
            "labels": {},
            "name": "diplom-subnet-c",
            "network_id": "enptjdagi1ehubmfrohs",
            "route_table_id": "",
            "timeouts": null,
            "v4_cidr_blocks": [
              "10.30.0.0/24"
            ],
            "v6_cidr_blocks": [],
            "zone": "ru-central1-d"
          },
          "sensitive_attributes": [],
          "identity_schema_version": 0,
          "private": "eyJlMmJmYjczMC1lY2FhLTExZTYtOGY4OC0zNDM2M2JjN2M0YzAiOnsiY3JlYXRlIjoxODAwMDAwMDAwMDAsImRlbGV0ZSI6MTgwMDAwMDAwMDAwLCJ1cGRhdGUiOjE4MDAwMDAwMDAwMH19",
          "dependencies": [
            "yandex_vpc_network.diplom_vpc"
          ]
        }
      ]
    }
  ],
  "check_results": null
}
